
Microsoft Visual Studio Solution File, Format Version 10.00
# Visual Studio 2008
Project("{FAE04EC0-301F-11D3-BF4B-00C04F79EFBC}") = "CafeF.Redis.Page", "CafeF.Redis.Page\CafeF.Redis.Page.csproj", "{5487AEAC-A312-408F-830A-E1F411E81557}"
EndProject
Project("{FAE04EC0-301F-11D3-BF4B-00C04F79EFBC}") = "CafeF.Redis.Data", "CafeF.Redis.Data\CafeF.Redis.Data.csproj", "{66B2DCFC-B222-4F36-BCDC-BCB602EE2312}"
EndProject
Project("{FAE04EC0-301F-11D3-BF4B-00C04F79EFBC}") = "CafeF.Redis.BL", "CafeF.Redis.BL\CafeF.Redis.BL.csproj", "{419750C2-E875-470E-977B-2F60796F1168}"
EndProject
Project("{FAE04EC0-301F-11D3-BF4B-00C04F79EFBC}") = "CafeF.Redis.Entity", "CafeF.Redis.Entity\CafeF.Redis.Entity\CafeF.Redis.Entity.csproj", "{4D654B7F-EDE2-4B89-BA42-6BDAE2D15796}"
EndProject
Project("{FAE04EC0-301F-11D3-BF4B-00C04F79EFBC}") = "ServiceStack.Redis", "ServiceStack.Redis\ServiceStack.Redis.csproj", "{AF99F19B-4C04-4F58-81EF-B092F1FCC540}"
EndProject
Project("{FAE04EC0-301F-11D3-BF4B-00C04F79EFBC}") = "CafeF.Redis.TestUpdate", "CafeF.Redis.TestUpdate\CafeF.Redis.TestUpdate.csproj", "{D316B81E-9874-4EFD-896F-2CA3CB0839E8}"
EndProject
Project("{FAE04EC0-301F-11D3-BF4B-00C04F79EFBC}") = "CafeF.Redis.BO", "CafeF.Redis.BO\CafeF.Redis.BO.csproj", "{A87E0E6F-8DD7-4F3C-94F9-6788FA72226B}"
EndProject
Project("{FAE04EC0-301F-11D3-BF4B-00C04F79EFBC}") = "CafeF.Redis.Solieu3", "CafeF.Redis.Solieu3\CafeF.Redis.Solieu3.csproj", "{30576A2F-4F01-465C-BD2D-9607D583814B}"
EndProject
Project("{FAE04EC0-301F-11D3-BF4B-00C04F79EFBC}") = "CafeF.Redis.Solieu6", "CafeF.Redis.Solieu6\CafeF.Redis.Solieu6.csproj", "{EEBD648D-3243-4D91-849A-AD4DA4F731D2}"
EndProject
Project("{FAE04EC0-301F-11D3-BF4B-00C04F79EFBC}") = "CafeF.DLVM.DA", "CafeF.DLVM.DA\CafeF.DLVM.DA.csproj", "{AED23625-675C-461F-ADA8-7F01FC79FFC4}"
EndProject
Project("{FAE04EC0-301F-11D3-BF4B-00C04F79EFBC}") = "CafeF.TA", "CafeF.TA\CafeF.TA.csproj", "{09DB430F-8864-4472-9650-392F4C8B1FB0}"
EndProject
Project("{FAE04EC0-301F-11D3-BF4B-00C04F79EFBC}") = "CafeF.Redis.KhopLenh", "..\CafeF.Redis.KhopLenh\CafeF.Redis.KhopLenh.csproj", "{05ABAAF4-7443-4B6C-A335-5D6357E7E73C}"
EndProject
Project("{FAE04EC0-301F-11D3-BF4B-00C04F79EFBC}") = "CafeF.BCTC.DA", "CafeF.BCTC.DA\CafeF.BCTC.DA.csproj", "{8B758CE0-095A-448E-8ED7-4176C79A9618}"
EndProject
Global
	GlobalSection(SolutionConfigurationPlatforms) = preSolution
		Debug|Any CPU = Debug|Any CPU
		MonoTouch|Any CPU = MonoTouch|Any CPU
		Release|Any CPU = Release|Any CPU
		STATIC_ONLY NO_EXPRESSIONS|Any CPU = STATIC_ONLY NO_EXPRESSIONS|Any CPU
	EndGlobalSection
	GlobalSection(ProjectConfigurationPlatforms) = postSolution
		{5487AEAC-A312-408F-830A-E1F411E81557}.Debug|Any CPU.ActiveCfg = Debug|Any CPU
		{5487AEAC-A312-408F-830A-E1F411E81557}.Debug|Any CPU.Build.0 = Debug|Any CPU
		{5487AEAC-A312-408F-830A-E1F411E81557}.MonoTouch|Any CPU.ActiveCfg = Release|Any CPU
		{5487AEAC-A312-408F-830A-E1F411E81557}.MonoTouch|Any CPU.Build.0 = Release|Any CPU
		{5487AEAC-A312-408F-830A-E1F411E81557}.Release|Any CPU.ActiveCfg = Release|Any CPU
		{5487AEAC-A312-408F-830A-E1F411E81557}.Release|Any CPU.Build.0 = Release|Any CPU
		{5487AEAC-A312-408F-830A-E1F411E81557}.STATIC_ONLY NO_EXPRESSIONS|Any CPU.ActiveCfg = Release|Any CPU
		{5487AEAC-A312-408F-830A-E1F411E81557}.STATIC_ONLY NO_EXPRESSIONS|Any CPU.Build.0 = Release|Any CPU
		{66B2DCFC-B222-4F36-BCDC-BCB602EE2312}.Debug|Any CPU.ActiveCfg = Debug|Any CPU
		{66B2DCFC-B222-4F36-BCDC-BCB602EE2312}.Debug|Any CPU.Build.0 = Debug|Any CPU
		{66B2DCFC-B222-4F36-BCDC-BCB602EE2312}.MonoTouch|Any CPU.ActiveCfg = Release|Any CPU
		{66B2DCFC-B222-4F36-BCDC-BCB602EE2312}.MonoTouch|Any CPU.Build.0 = Release|Any CPU
		{66B2DCFC-B222-4F36-BCDC-BCB602EE2312}.Release|Any CPU.ActiveCfg = Release|Any CPU
		{66B2DCFC-B222-4F36-BCDC-BCB602EE2312}.Release|Any CPU.Build.0 = Release|Any CPU
		{66B2DCFC-B222-4F36-BCDC-BCB602EE2312}.STATIC_ONLY NO_EXPRESSIONS|Any CPU.ActiveCfg = Release|Any CPU
		{66B2DCFC-B222-4F36-BCDC-BCB602EE2312}.STATIC_ONLY NO_EXPRESSIONS|Any CPU.Build.0 = Release|Any CPU
		{419750C2-E875-470E-977B-2F60796F1168}.Debug|Any CPU.ActiveCfg = Debug|Any CPU
		{419750C2-E875-470E-977B-2F60796F1168}.Debug|Any CPU.Build.0 = Debug|Any CPU
		{419750C2-E875-470E-977B-2F60796F1168}.MonoTouch|Any CPU.ActiveCfg = Release|Any CPU
		{419750C2-E875-470E-977B-2F60796F1168}.MonoTouch|Any CPU.Build.0 = Release|Any CPU
		{419750C2-E875-470E-977B-2F60796F1168}.Release|Any CPU.ActiveCfg = Release|Any CPU
		{419750C2-E875-470E-977B-2F60796F1168}.Release|Any CPU.Build.0 = Release|Any CPU
		{419750C2-E875-470E-977B-2F60796F1168}.STATIC_ONLY NO_EXPRESSIONS|Any CPU.ActiveCfg = Release|Any CPU
		{419750C2-E875-470E-977B-2F60796F1168}.STATIC_ONLY NO_EXPRESSIONS|Any CPU.Build.0 = Release|Any CPU
		{4D654B7F-EDE2-4B89-BA42-6BDAE2D15796}.Debug|Any CPU.ActiveCfg = Debug|Any CPU
		{4D654B7F-EDE2-4B89-BA42-6BDAE2D15796}.Debug|Any CPU.Build.0 = Debug|Any CPU
		{4D654B7F-EDE2-4B89-BA42-6BDAE2D15796}.MonoTouch|Any CPU.ActiveCfg = Release|Any CPU
		{4D654B7F-EDE2-4B89-BA42-6BDAE2D15796}.MonoTouch|Any CPU.Build.0 = Release|Any CPU
		{4D654B7F-EDE2-4B89-BA42-6BDAE2D15796}.Release|Any CPU.ActiveCfg = Release|Any CPU
		{4D654B7F-EDE2-4B89-BA42-6BDAE2D15796}.Release|Any CPU.Build.0 = Release|Any CPU
		{4D654B7F-EDE2-4B89-BA42-6BDAE2D15796}.STATIC_ONLY NO_EXPRESSIONS|Any CPU.ActiveCfg = Release|Any CPU
		{4D654B7F-EDE2-4B89-BA42-6BDAE2D15796}.STATIC_ONLY NO_EXPRESSIONS|Any CPU.Build.0 = Release|Any CPU
		{AF99F19B-4C04-4F58-81EF-B092F1FCC540}.Debug|Any CPU.ActiveCfg = Debug|Any CPU
		{AF99F19B-4C04-4F58-81EF-B092F1FCC540}.Debug|Any CPU.Build.0 = Debug|Any CPU
		{AF99F19B-4C04-4F58-81EF-B092F1FCC540}.MonoTouch|Any CPU.ActiveCfg = MonoTouch|Any CPU
		{AF99F19B-4C04-4F58-81EF-B092F1FCC540}.MonoTouch|Any CPU.Build.0 = MonoTouch|Any CPU
		{AF99F19B-4C04-4F58-81EF-B092F1FCC540}.Release|Any CPU.ActiveCfg = Release|Any CPU
		{AF99F19B-4C04-4F58-81EF-B092F1FCC540}.Release|Any CPU.Build.0 = Release|Any CPU
		{AF99F19B-4C04-4F58-81EF-B092F1FCC540}.STATIC_ONLY NO_EXPRESSIONS|Any CPU.ActiveCfg = STATIC_ONLY NO_EXPRESSIONS|Any CPU
		{AF99F19B-4C04-4F58-81EF-B092F1FCC540}.STATIC_ONLY NO_EXPRESSIONS|Any CPU.Build.0 = STATIC_ONLY NO_EXPRESSIONS|Any CPU
		{D316B81E-9874-4EFD-896F-2CA3CB0839E8}.Debug|Any CPU.ActiveCfg = Debug|Any CPU
		{D316B81E-9874-4EFD-896F-2CA3CB0839E8}.Debug|Any CPU.Build.0 = Debug|Any CPU
		{D316B81E-9874-4EFD-896F-2CA3CB0839E8}.MonoTouch|Any CPU.ActiveCfg = Release|Any CPU
		{D316B81E-9874-4EFD-896F-2CA3CB0839E8}.MonoTouch|Any CPU.Build.0 = Release|Any CPU
		{D316B81E-9874-4EFD-896F-2CA3CB0839E8}.Release|Any CPU.ActiveCfg = Release|Any CPU
		{D316B81E-9874-4EFD-896F-2CA3CB0839E8}.Release|Any CPU.Build.0 = Release|Any CPU
		{D316B81E-9874-4EFD-896F-2CA3CB0839E8}.STATIC_ONLY NO_EXPRESSIONS|Any CPU.ActiveCfg = Release|Any CPU
		{D316B81E-9874-4EFD-896F-2CA3CB0839E8}.STATIC_ONLY NO_EXPRESSIONS|Any CPU.Build.0 = Release|Any CPU
		{A87E0E6F-8DD7-4F3C-94F9-6788FA72226B}.Debug|Any CPU.ActiveCfg = Debug|Any CPU
		{A87E0E6F-8DD7-4F3C-94F9-6788FA72226B}.Debug|Any CPU.Build.0 = Debug|Any CPU
		{A87E0E6F-8DD7-4F3C-94F9-6788FA72226B}.MonoTouch|Any CPU.ActiveCfg = Release|Any CPU
		{A87E0E6F-8DD7-4F3C-94F9-6788FA72226B}.MonoTouch|Any CPU.Build.0 = Release|Any CPU
		{A87E0E6F-8DD7-4F3C-94F9-6788FA72226B}.Release|Any CPU.ActiveCfg = Release|Any CPU
		{A87E0E6F-8DD7-4F3C-94F9-6788FA72226B}.Release|Any CPU.Build.0 = Release|Any CPU
		{A87E0E6F-8DD7-4F3C-94F9-6788FA72226B}.STATIC_ONLY NO_EXPRESSIONS|Any CPU.ActiveCfg = Release|Any CPU
		{A87E0E6F-8DD7-4F3C-94F9-6788FA72226B}.STATIC_ONLY NO_EXPRESSIONS|Any CPU.Build.0 = Release|Any CPU
		{30576A2F-4F01-465C-BD2D-9607D583814B}.Debug|Any CPU.ActiveCfg = Debug|Any CPU
		{30576A2F-4F01-465C-BD2D-9607D583814B}.Debug|Any CPU.Build.0 = Debug|Any CPU
		{30576A2F-4F01-465C-BD2D-9607D583814B}.MonoTouch|Any CPU.ActiveCfg = Release|Any CPU
		{30576A2F-4F01-465C-BD2D-9607D583814B}.MonoTouch|Any CPU.Build.0 = Release|Any CPU
		{30576A2F-4F01-465C-BD2D-9607D583814B}.Release|Any CPU.ActiveCfg = Release|Any CPU
		{30576A2F-4F01-465C-BD2D-9607D583814B}.Release|Any CPU.Build.0 = Release|Any CPU
		{30576A2F-4F01-465C-BD2D-9607D583814B}.STATIC_ONLY NO_EXPRESSIONS|Any CPU.ActiveCfg = Release|Any CPU
		{30576A2F-4F01-465C-BD2D-9607D583814B}.STATIC_ONLY NO_EXPRESSIONS|Any CPU.Build.0 = Release|Any CPU
		{EEBD648D-3243-4D91-849A-AD4DA4F731D2}.Debug|Any CPU.ActiveCfg = Debug|Any CPU
		{EEBD648D-3243-4D91-849A-AD4DA4F731D2}.Debug|Any CPU.Build.0 = Debug|Any CPU
		{EEBD648D-3243-4D91-849A-AD4DA4F731D2}.MonoTouch|Any CPU.ActiveCfg = Release|Any CPU
		{EEBD648D-3243-4D91-849A-AD4DA4F731D2}.MonoTouch|Any CPU.Build.0 = Release|Any CPU
		{EEBD648D-3243-4D91-849A-AD4DA4F731D2}.Release|Any CPU.ActiveCfg = Release|Any CPU
		{EEBD648D-3243-4D91-849A-AD4DA4F731D2}.Release|Any CPU.Build.0 = Release|Any CPU
		{EEBD648D-3243-4D91-849A-AD4DA4F731D2}.STATIC_ONLY NO_EXPRESSIONS|Any CPU.ActiveCfg = Release|Any CPU
		{EEBD648D-3243-4D91-849A-AD4DA4F731D2}.STATIC_ONLY NO_EXPRESSIONS|Any CPU.Build.0 = Release|Any CPU
		{AED23625-675C-461F-ADA8-7F01FC79FFC4}.Debug|Any CPU.ActiveCfg = Debug|Any CPU
		{AED23625-675C-461F-ADA8-7F01FC79FFC4}.Debug|Any CPU.Build.0 = Debug|Any CPU
		{AED23625-675C-461F-ADA8-7F01FC79FFC4}.MonoTouch|Any CPU.ActiveCfg = Release|Any CPU
		{AED23625-675C-461F-ADA8-7F01FC79FFC4}.MonoTouch|Any CPU.Build.0 = Release|Any CPU
		{AED23625-675C-461F-ADA8-7F01FC79FFC4}.Release|Any CPU.ActiveCfg = Release|Any CPU
		{AED23625-675C-461F-ADA8-7F01FC79FFC4}.Release|Any CPU.Build.0 = Release|Any CPU
		{AED23625-675C-461F-ADA8-7F01FC79FFC4}.STATIC_ONLY NO_EXPRESSIONS|Any CPU.ActiveCfg = Release|Any CPU
		{AED23625-675C-461F-ADA8-7F01FC79FFC4}.STATIC_ONLY NO_EXPRESSIONS|Any CPU.Build.0 = Release|Any CPU
		{09DB430F-8864-4472-9650-392F4C8B1FB0}.Debug|Any CPU.ActiveCfg = Debug|Any CPU
		{09DB430F-8864-4472-9650-392F4C8B1FB0}.Debug|Any CPU.Build.0 = Debug|Any CPU
		{09DB430F-8864-4472-9650-392F4C8B1FB0}.MonoTouch|Any CPU.ActiveCfg = Release|Any CPU
		{09DB430F-8864-4472-9650-392F4C8B1FB0}.MonoTouch|Any CPU.Build.0 = Release|Any CPU
		{09DB430F-8864-4472-9650-392F4C8B1FB0}.Release|Any CPU.ActiveCfg = Release|Any CPU
		{09DB430F-8864-4472-9650-392F4C8B1FB0}.Release|Any CPU.Build.0 = Release|Any CPU
		{09DB430F-8864-4472-9650-392F4C8B1FB0}.STATIC_ONLY NO_EXPRESSIONS|Any CPU.ActiveCfg = Release|Any CPU
		{09DB430F-8864-4472-9650-392F4C8B1FB0}.STATIC_ONLY NO_EXPRESSIONS|Any CPU.Build.0 = Release|Any CPU
		{05ABAAF4-7443-4B6C-A335-5D6357E7E73C}.Debug|Any CPU.ActiveCfg = Debug|Any CPU
		{05ABAAF4-7443-4B6C-A335-5D6357E7E73C}.Debug|Any CPU.Build.0 = Debug|Any CPU
		{05ABAAF4-7443-4B6C-A335-5D6357E7E73C}.MonoTouch|Any CPU.ActiveCfg = Release|Any CPU
		{05ABAAF4-7443-4B6C-A335-5D6357E7E73C}.MonoTouch|Any CPU.Build.0 = Release|Any CPU
		{05ABAAF4-7443-4B6C-A335-5D6357E7E73C}.Release|Any CPU.ActiveCfg = Release|Any CPU
		{05ABAAF4-7443-4B6C-A335-5D6357E7E73C}.Release|Any CPU.Build.0 = Release|Any CPU
		{05ABAAF4-7443-4B6C-A335-5D6357E7E73C}.STATIC_ONLY NO_EXPRESSIONS|Any CPU.ActiveCfg = Release|Any CPU
		{05ABAAF4-7443-4B6C-A335-5D6357E7E73C}.STATIC_ONLY NO_EXPRESSIONS|Any CPU.Build.0 = Release|Any CPU
		{8B758CE0-095A-448E-8ED7-4176C79A9618}.Debug|Any CPU.ActiveCfg = Debug|Any CPU
		{8B758CE0-095A-448E-8ED7-4176C79A9618}.Debug|Any CPU.Build.0 = Debug|Any CPU
		{8B758CE0-095A-448E-8ED7-4176C79A9618}.MonoTouch|Any CPU.ActiveCfg = Release|Any CPU
		{8B758CE0-095A-448E-8ED7-4176C79A9618}.MonoTouch|Any CPU.Build.0 = Release|Any CPU
		{8B758CE0-095A-448E-8ED7-4176C79A9618}.Release|Any CPU.ActiveCfg = Release|Any CPU
		{8B758CE0-095A-448E-8ED7-4176C79A9618}.Release|Any CPU.Build.0 = Release|Any CPU
		{8B758CE0-095A-448E-8ED7-4176C79A9618}.STATIC_ONLY NO_EXPRESSIONS|Any CPU.ActiveCfg = Release|Any CPU
		{8B758CE0-095A-448E-8ED7-4176C79A9618}.STATIC_ONLY NO_EXPRESSIONS|Any CPU.Build.0 = Release|Any CPU
	EndGlobalSection
	GlobalSection(SolutionProperties) = preSolution
		HideSolutionNode = FALSE
	EndGlobalSection
EndGlobal
